
Microsoft Visual Studio Solution File, Format Version 12.00
# Visual Studio Version 17
VisualStudioVersion = 17.5.001.0
MinimumVisualStudioVersion = 10.0.40219.1
Project("{9A19103F-16F7-4668-BE54-9A1E7A4F7556}") = "Seminar1", "Seminar1.csproj", "{20CD541A-A7DB-4556-8509-BF1889A6418B}"
EndProject
Global
	GlobalSection(SolutionConfigurationPlatforms) = preSolution
		Debug|Any CPU = Debug|Any CPU
		Release|Any CPU = Release|Any CPU
	EndGlobalSection
	GlobalSection(ProjectConfigurationPlatforms) = postSolution
		{20CD541A-A7DB-4556-8509-BF1889A6418B}.Debug|Any CPU.ActiveCfg = Debug|Any CPU
		{20CD541A-A7DB-4556-8509-BF1889A6418B}.Debug|Any CPU.Build.0 = Debug|Any CPU
		{20CD541A-A7DB-4556-8509-BF1889A6418B}.Release|Any CPU.ActiveCfg = Release|Any CPU
		{20CD541A-A7DB-4556-8509-BF1889A6418B}.Release|Any CPU.Build.0 = Release|Any CPU
	EndGlobalSection
	GlobalSection(SolutionProperties) = preSolution
		HideSolutionNode = FALSE
	EndGlobalSection
	GlobalSection(ExtensibilityGlobals) = postSolution
		SolutionGuid = {11D73A31-7A67-41BF-AC88-EA19BAB70802}
	EndGlobalSection
EndGlobal
